
Microsoft Visual Studio Solution File, Format Version 12.00
# Visual Studio Version 16
VisualStudioVersion = 16.0.31911.196
MinimumVisualStudioVersion = 10.0.40219.1
Project("{FAE04EC0-301F-11D3-BF4B-00C04F79EFBC}") = "WINFORMS_DZ_09", "WINFORMS_DZ_09.csproj", "{88AB8487-8596-4E06-8702-2E5A25D7DC69}"
EndProject
Global
	GlobalSection(SolutionConfigurationPlatforms) = preSolution
		Debug|Any CPU = Debug|Any CPU
		Release|Any CPU = Release|Any CPU
	EndGlobalSection
	GlobalSection(ProjectConfigurationPlatforms) = postSolution
		{88AB8487-8596-4E06-8702-2E5A25D7DC69}.Debug|Any CPU.ActiveCfg = Debug|Any CPU
		{88AB8487-8596-4E06-8702-2E5A25D7DC69}.Debug|Any CPU.Build.0 = Debug|Any CPU
		{88AB8487-8596-4E06-8702-2E5A25D7DC69}.Release|Any CPU.ActiveCfg = Release|Any CPU
		{88AB8487-8596-4E06-8702-2E5A25D7DC69}.Release|Any CPU.Build.0 = Release|Any CPU
	EndGlobalSection
	GlobalSection(SolutionProperties) = preSolution
		HideSolutionNode = FALSE
	EndGlobalSection
	GlobalSection(ExtensibilityGlobals) = postSolution
		SolutionGuid = {F574E61B-80F5-4F3A-B3EE-7E519199777B}
	EndGlobalSection
EndGlobal
