
Microsoft Visual Studio Solution File, Format Version 12.00
# Visual Studio Version 16
VisualStudioVersion = 16.0.31105.61
MinimumVisualStudioVersion = 10.0.40219.1
Project("{FAE04EC0-301F-11D3-BF4B-00C04F79EFBC}") = "Urok_WinF_10", "Urok_WinF_10\Urok_WinF_10.csproj", "{02879C40-08D8-4473-8BA2-76E2F57D9608}"
EndProject
Global
	GlobalSection(SolutionConfigurationPlatforms) = preSolution
		Debug|Any CPU = Debug|Any CPU
		Release|Any CPU = Release|Any CPU
	EndGlobalSection
	GlobalSection(ProjectConfigurationPlatforms) = postSolution
		{02879C40-08D8-4473-8BA2-76E2F57D9608}.Debug|Any CPU.ActiveCfg = Debug|Any CPU
		{02879C40-08D8-4473-8BA2-76E2F57D9608}.Debug|Any CPU.Build.0 = Debug|Any CPU
		{02879C40-08D8-4473-8BA2-76E2F57D9608}.Release|Any CPU.ActiveCfg = Release|Any CPU
		{02879C40-08D8-4473-8BA2-76E2F57D9608}.Release|Any CPU.Build.0 = Release|Any CPU
	EndGlobalSection
	GlobalSection(SolutionProperties) = preSolution
		HideSolutionNode = FALSE
	EndGlobalSection
	GlobalSection(ExtensibilityGlobals) = postSolution
		SolutionGuid = {53632A6C-4816-4ECE-B856-780027A0AAAB}
	EndGlobalSection
EndGlobal
