
Microsoft Visual Studio Solution File, Format Version 12.00
# Visual Studio Version 16
VisualStudioVersion = 16.0.32106.194
MinimumVisualStudioVersion = 10.0.40219.1
Project("{FAE04EC0-301F-11D3-BF4B-00C04F79EFBC}") = "MasterProjectShelest", "MasterProjectShelest\MasterProjectShelest.csproj", "{766C120A-F09D-40CB-AE35-B612A26BB983}"
EndProject
Global
	GlobalSection(SolutionConfigurationPlatforms) = preSolution
		Debug|Any CPU = Debug|Any CPU
		Release|Any CPU = Release|Any CPU
	EndGlobalSection
	GlobalSection(ProjectConfigurationPlatforms) = postSolution
		{766C120A-F09D-40CB-AE35-B612A26BB983}.Debug|Any CPU.ActiveCfg = Debug|Any CPU
		{766C120A-F09D-40CB-AE35-B612A26BB983}.Debug|Any CPU.Build.0 = Debug|Any CPU
		{766C120A-F09D-40CB-AE35-B612A26BB983}.Release|Any CPU.ActiveCfg = Release|Any CPU
		{766C120A-F09D-40CB-AE35-B612A26BB983}.Release|Any CPU.Build.0 = Release|Any CPU
	EndGlobalSection
	GlobalSection(SolutionProperties) = preSolution
		HideSolutionNode = FALSE
	EndGlobalSection
	GlobalSection(ExtensibilityGlobals) = postSolution
		SolutionGuid = {0F757062-838F-46AE-A461-CEF34849811A}
	EndGlobalSection
EndGlobal
