
Microsoft Visual Studio Solution File, Format Version 12.00
# Visual Studio Version 17
VisualStudioVersion = 17.0.31919.166
MinimumVisualStudioVersion = 10.0.40219.1
Project("{FAE04EC0-301F-11D3-BF4B-00C04F79EFBC}") = "WFA 17_01_22", "WFA 17_01_22.csproj", "{B1A112FA-97FC-4F47-A1BD-225432D6752D}"
EndProject
Global
	GlobalSection(SolutionConfigurationPlatforms) = preSolution
		Debug|Any CPU = Debug|Any CPU
		Release|Any CPU = Release|Any CPU
	EndGlobalSection
	GlobalSection(ProjectConfigurationPlatforms) = postSolution
		{B1A112FA-97FC-4F47-A1BD-225432D6752D}.Debug|Any CPU.ActiveCfg = Debug|Any CPU
		{B1A112FA-97FC-4F47-A1BD-225432D6752D}.Debug|Any CPU.Build.0 = Debug|Any CPU
		{B1A112FA-97FC-4F47-A1BD-225432D6752D}.Release|Any CPU.ActiveCfg = Release|Any CPU
		{B1A112FA-97FC-4F47-A1BD-225432D6752D}.Release|Any CPU.Build.0 = Release|Any CPU
	EndGlobalSection
	GlobalSection(SolutionProperties) = preSolution
		HideSolutionNode = FALSE
	EndGlobalSection
	GlobalSection(ExtensibilityGlobals) = postSolution
		SolutionGuid = {244D8890-F6B8-42F4-A154-428C712120FB}
	EndGlobalSection
EndGlobal
